// !$*UTF8*$!
{
	archiveVersion = 1;
	classes = {
	};
	objectVersion = 50;
	objects = {

/* Begin PBXBuildFile section */
		384D7E92277E9DA600E391D3 /* AppDelegate.swift in Sources */ = {isa = PBXBuildFile; fileRef = 384D7E91277E9DA600E391D3 /* AppDelegate.swift */; };
		384D7E94277E9DA600E391D3 /* SceneDelegate.swift in Sources */ = {isa = PBXBuildFile; fileRef = 384D7E93277E9DA600E391D3 /* SceneDelegate.swift */; };
		384D7E96277E9DA600E391D3 /* ViewController.swift in Sources */ = {isa = PBXBuildFile; fileRef = 384D7E95277E9DA600E391D3 /* ViewController.swift */; };
		384D7E99277E9DA600E391D3 /* Main.storyboard in Resources */ = {isa = PBXBuildFile; fileRef = 384D7E97277E9DA600E391D3 /* Main.storyboard */; };
		384D7E9C277E9DA600E391D3 /* Prework.xcdatamodeld in Sources */ = {isa = PBXBuildFile; fileRef = 384D7E9A277E9DA600E391D3 /* Prework.xcdatamodeld */; };
		384D7E9E277E9DA900E391D3 /* Assets.xcassets in Resources */ = {isa = PBXBuildFile; fileRef = 384D7E9D277E9DA900E391D3 /* Assets.xcassets */; };
		384D7EA1277E9DA900E391D3 /* LaunchScreen.storyboard in Resources */ = {isa = PBXBuildFile; fileRef = 384D7E9F277E9DA900E391D3 /* LaunchScreen.storyboard */; };
		384D7EAC277E9DAA00E391D3 /* PreworkTests.swift in Sources */ = {isa = PBXBuildFile; fileRef = 384D7EAB277E9DAA00E391D3 /* PreworkTests.swift */; };
		384D7EB7277E9DAA00E391D3 /* PreworkUITests.swift in Sources */ = {isa = PBXBuildFile; fileRef = 384D7EB6277E9DAA00E391D3 /* PreworkUITests.swift */; };
		3855963B27842B1700A36B6C /* SettingsViewController.swift in Sources */ = {isa = PBXBuildFile; fileRef = 3855963A27842B1700A36B6C /* SettingsViewController.swift */; };
/* End PBXBuildFile section */

/* Begin PBXContainerItemProxy section */
		384D7EA8277E9DAA00E391D3 /* PBXContainerItemProxy */ = {
			isa = PBXContainerItemProxy;
			containerPortal = 384D7E86277E9DA600E391D3 /* Project object */;
			proxyType = 1;
			remoteGlobalIDString = 384D7E8D277E9DA600E391D3;
			remoteInfo = Prework;
		};
		384D7EB3277E9DAA00E391D3 /* PBXContainerItemProxy */ = {
			isa = PBXContainerItemProxy;
			containerPortal = 384D7E86277E9DA600E391D3 /* Project object */;
			proxyType = 1;
			remoteGlobalIDString = 384D7E8D277E9DA600E391D3;
			remoteInfo = Prework;
		};
/* End PBXContainerItemProxy section */

/* Begin PBXFileReference section */
		384D7E8E277E9DA600E391D3 /* Prework.app */ = {isa = PBXFileReference; explicitFileType = wrapper.application; includeInIndex = 0; path = Prework.app; sourceTree = BUILT_PRODUCTS_DIR; };
		384D7E91277E9DA600E391D3 /* AppDelegate.swift */ = {isa = PBXFileReference; lastKnownFileType = sourcecode.swift; path = AppDelegate.swift; sourceTree = "<group>"; };
		384D7E93277E9DA600E391D3 /* SceneDelegate.swift */ = {isa = PBXFileReference; lastKnownFileType = sourcecode.swift; path = SceneDelegate.swift; sourceTree = "<group>"; };
		384D7E95277E9DA600E391D3 /* ViewController.swift */ = {isa = PBXFileReference; lastKnownFileType = sourcecode.swift; path = ViewController.swift; sourceTree = "<group>"; };
		384D7E98277E9DA600E391D3 /* Base */ = {isa = PBXFileReference; lastKnownFileType = file.storyboard; name = Base; path = Base.lproj/Main.storyboard; sourceTree = "<group>"; };
		384D7E9B277E9DA600E391D3 /* Prework.xcdatamodel */ = {isa = PBXFileReference; lastKnownFileType = wrapper.xcdatamodel; path = Prework.xcdatamodel; sourceTree = "<group>"; };
		384D7E9D277E9DA900E391D3 /* Assets.xcassets */ = {isa = PBXFileReference; lastKnownFileType = folder.assetcatalog; path = Assets.xcassets; sourceTree = "<group>"; };
		384D7EA0277E9DA900E391D3 /* Base */ = {isa = PBXFileReference; lastKnownFileType = file.storyboard; name = Base; path = Base.lproj/LaunchScreen.storyboard; sourceTree = "<group>"; };
		384D7EA2277E9DA900E391D3 /* Info.plist */ = {isa = PBXFileReference; lastKnownFileType = text.plist.xml; path = Info.plist; sourceTree = "<group>"; };
		384D7EA7277E9DAA00E391D3 /* PreworkTests.xctest */ = {isa = PBXFileReference; explicitFileType = wrapper.cfbundle; includeInIndex = 0; path = PreworkTests.xctest; sourceTree = BUILT_PRODUCTS_DIR; };
		384D7EAB277E9DAA00E391D3 /* PreworkTests.swift */ = {isa = PBXFileReference; lastKnownFileType = sourcecode.swift; path = PreworkTests.swift; sourceTree = "<group>"; };
		384D7EAD277E9DAA00E391D3 /* Info.plist */ = {isa = PBXFileReference; lastKnownFileType = text.plist.xml; path = Info.plist; sourceTree = "<group>"; };
		384D7EB2277E9DAA00E391D3 /* PreworkUITests.xctest */ = {isa = PBXFileReference; explicitFileType = wrapper.cfbundle; includeInIndex = 0; path = PreworkUITests.xctest; sourceTree = BUILT_PRODUCTS_DIR; };
		384D7EB6277E9DAA00E391D3 /* PreworkUITests.swift */ = {isa = PBXFileReference; lastKnownFileType = sourcecode.swift; path = PreworkUITests.swift; sourceTree = "<group>"; };
		384D7EB8277E9DAA00E391D3 /* Info.plist */ = {isa = PBXFileReference; lastKnownFileType = text.plist.xml; path = Info.plist; sourceTree = "<group>"; };
		3855963A27842B1700A36B6C /* SettingsViewController.swift */ = {isa = PBXFileReference; lastKnownFileType = sourcecode.swift; path = SettingsViewController.swift; sourceTree = "<group>"; };
/* End PBXFileReference section */

/* Begin PBXFrameworksBuildPhase section */
		384D7E8B277E9DA600E391D3 /* Frameworks */ = {
			isa = PBXFrameworksBuildPhase;
			buildActionMask = 2147483647;
			files = (
			);
			runOnlyForDeploymentPostprocessing = 0;
		};
		384D7EA4277E9DAA00E391D3 /* Frameworks */ = {
			isa = PBXFrameworksBuildPhase;
			buildActionMask = 2147483647;
			files = (
			);
			runOnlyForDeploymentPostprocessing = 0;
		};
		384D7EAF277E9DAA00E391D3 /* Frameworks */ = {
			isa = PBXFrameworksBuildPhase;
			buildActionMask = 2147483647;
			files = (
			);
			runOnlyForDeploymentPostprocessing = 0;
		};
/* End PBXFrameworksBuildPhase section */

/* Begin PBXGroup section */
		384D7E85277E9DA600E391D3 = {
			isa = PBXGroup;
			children = (
				384D7E90277E9DA600E391D3 /* Prework */,
				384D7EAA277E9DAA00E391D3 /* PreworkTests */,
				384D7EB5277E9DAA00E391D3 /* PreworkUITests */,
				384D7E8F277E9DA600E391D3 /* Products */,
			);
			sourceTree = "<group>";
		};
		384D7E8F277E9DA600E391D3 /* Products */ = {
			isa = PBXGroup;
			children = (
				384D7E8E277E9DA600E391D3 /* Prework.app */,
				384D7EA7277E9DAA00E391D3 /* PreworkTests.xctest */,
				384D7EB2277E9DAA00E391D3 /* PreworkUITests.xctest */,
			);
			name = Products;
			sourceTree = "<group>";
		};
		384D7E90277E9DA600E391D3 /* Prework */ = {
			isa = PBXGroup;
			children = (
				384D7E91277E9DA600E391D3 /* AppDelegate.swift */,
				384D7E93277E9DA600E391D3 /* SceneDelegate.swift */,
				384D7E95277E9DA600E391D3 /* ViewController.swift */,
				384D7E97277E9DA600E391D3 /* Main.storyboard */,
				3855963A27842B1700A36B6C /* SettingsViewController.swift */,
				384D7E9D277E9DA900E391D3 /* Assets.xcassets */,
				384D7E9F277E9DA900E391D3 /* LaunchScreen.storyboard */,
				384D7EA2277E9DA900E391D3 /* Info.plist */,
				384D7E9A277E9DA600E391D3 /* Prework.xcdatamodeld */,
			);
			path = Prework;
			sourceTree = "<group>";
		};
		384D7EAA277E9DAA00E391D3 /* PreworkTests */ = {
			isa = PBXGroup;
			children = (
				384D7EAB277E9DAA00E391D3 /* PreworkTests.swift */,
				384D7EAD277E9DAA00E391D3 /* Info.plist */,
			);
			path = PreworkTests;
			sourceTree = "<group>";
		};
		384D7EB5277E9DAA00E391D3 /* PreworkUITests */ = {
			isa = PBXGroup;
			children = (
				384D7EB6277E9DAA00E391D3 /* PreworkUITests.swift */,
				384D7EB8277E9DAA00E391D3 /* Info.plist */,
			);
			path = PreworkUITests;
			sourceTree = "<group>";
		};
/* End PBXGroup section */

/* Begin PBXNativeTarget section */
		384D7E8D277E9DA600E391D3 /* Prework */ = {
			isa = PBXNativeTarget;
			buildConfigurationList = 384D7EBB277E9DAA00E391D3 /* Build configuration list for PBXNativeTarget "Prework" */;
			buildPhases = (
				384D7E8A277E9DA600E391D3 /* Sources */,
				384D7E8B277E9DA600E391D3 /* Frameworks */,
				384D7E8C277E9DA600E391D3 /* Resources */,
			);
			buildRules = (
			);
			dependencies = (
			);
			name = Prework;
			productName = Prework;
			productReference = 384D7E8E277E9DA600E391D3 /* Prework.app */;
			productType = "com.apple.product-type.application";
		};
		384D7EA6277E9DAA00E391D3 /* PreworkTests */ = {
			isa = PBXNativeTarget;
			buildConfigurationList = 384D7EBE277E9DAA00E391D3 /* Build configuration list for PBXNativeTarget "PreworkTests" */;
			buildPhases = (
				384D7EA3277E9DAA00E391D3 /* Sources */,
				384D7EA4277E9DAA00E391D3 /* Frameworks */,
				384D7EA5277E9DAA00E391D3 /* Resources */,
			);
			buildRules = (
			);
			dependencies = (
				384D7EA9277E9DAA00E391D3 /* PBXTargetDependency */,
			);
			name = PreworkTests;
			productName = PreworkTests;
			productReference = 384D7EA7277E9DAA00E391D3 /* PreworkTests.xctest */;
			productType = "com.apple.product-type.bundle.unit-test";
		};
		384D7EB1277E9DAA00E391D3 /* PreworkUITests */ = {
			isa = PBXNativeTarget;
			buildConfigurationList = 384D7EC1277E9DAA00E391D3 /* Build configuration list for PBXNativeTarget "PreworkUITests" */;
			buildPhases = (
				384D7EAE277E9DAA00E391D3 /* Sources */,
				384D7EAF277E9DAA00E391D3 /* Frameworks */,
				384D7EB0277E9DAA00E391D3 /* Resources */,
			);
			buildRules = (
			);
			dependencies = (
				384D7EB4277E9DAA00E391D3 /* PBXTargetDependency */,
			);
			name = PreworkUITests;
			productName = PreworkUITests;
			productReference = 384D7EB2277E9DAA00E391D3 /* PreworkUITests.xctest */;
			productType = "com.apple.product-type.bundle.ui-testing";
		};
/* End PBXNativeTarget section */

/* Begin PBXProject section */
		384D7E86277E9DA600E391D3 /* Project object */ = {
			isa = PBXProject;
			attributes = {
				LastSwiftUpdateCheck = 1240;
				LastUpgradeCheck = 1240;
				TargetAttributes = {
					384D7E8D277E9DA600E391D3 = {
						CreatedOnToolsVersion = 12.4;
					};
					384D7EA6277E9DAA00E391D3 = {
						CreatedOnToolsVersion = 12.4;
						TestTargetID = 384D7E8D277E9DA600E391D3;
					};
					384D7EB1277E9DAA00E391D3 = {
						CreatedOnToolsVersion = 12.4;
						TestTargetID = 384D7E8D277E9DA600E391D3;
					};
				};
			};
			buildConfigurationList = 384D7E89277E9DA600E391D3 /* Build configuration list for PBXProject "Prework" */;
			compatibilityVersion = "Xcode 9.3";
			developmentRegion = en;
			hasScannedForEncodings = 0;
			knownRegions = (
				en,
				Base,
			);
			mainGroup = 384D7E85277E9DA600E391D3;
			productRefGroup = 384D7E8F277E9DA600E391D3 /* Products */;
			projectDirPath = "";
			projectRoot = "";
			targets = (
				384D7E8D277E9DA600E391D3 /* Prework */,
				384D7EA6277E9DAA00E391D3 /* PreworkTests */,
				384D7EB1277E9DAA00E391D3 /* PreworkUITests */,
			);
		};
/* End PBXProject section */

/* Begin PBXResourcesBuildPhase section */
		384D7E8C277E9DA600E391D3 /* Resources */ = {
			isa = PBXResourcesBuildPhase;
			buildActionMask = 2147483647;
			files = (
				384D7EA1277E9DA900E391D3 /* LaunchScreen.storyboard in Resources */,
				384D7E9E277E9DA900E391D3 /* Assets.xcassets in Resources */,
				384D7E99277E9DA600E391D3 /* Main.storyboard in Resources */,
			);
			runOnlyForDeploymentPostprocessing = 0;
		};
		384D7EA5277E9DAA00E391D3 /* Resources */ = {
			isa = PBXResourcesBuildPhase;
			buildActionMask = 2147483647;
			files = (
			);
			runOnlyForDeploymentPostprocessing = 0;
		};
		384D7EB0277E9DAA00E391D3 /* Resources */ = {
			isa = PBXResourcesBuildPhase;
			buildActionMask = 2147483647;
			files = (
			);
			runOnlyForDeploymentPostprocessing = 0;
		};
/* End PBXResourcesBuildPhase section */

/* Begin PBXSourcesBuildPhase section */
		384D7E8A277E9DA600E391D3 /* Sources */ = {
			isa = PBXSourcesBuildPhase;
			buildActionMask = 2147483647;
			files = (
				384D7E96277E9DA600E391D3 /* ViewController.swift in Sources */,
				384D7E92277E9DA600E391D3 /* AppDelegate.swift in Sources */,
				384D7E9C277E9DA600E391D3 /* Prework.xcdatamodeld in Sources */,
				3855963B27842B1700A36B6C /* SettingsViewController.swift in Sources */,
				384D7E94277E9DA600E391D3 /* SceneDelegate.swift in Sources */,
			);
			runOnlyForDeploymentPostprocessing = 0;
		};
		384D7EA3277E9DAA00E391D3 /* Sources */ = {
			isa = PBXSourcesBuildPhase;
			buildActionMask = 2147483647;
			files = (
				384D7EAC277E9DAA00E391D3 /* PreworkTests.swift in Sources */,
			);
			runOnlyForDeploymentPostprocessing = 0;
		};
		384D7EAE277E9DAA00E391D3 /* Sources */ = {
			isa = PBXSourcesBuildPhase;
			buildActionMask = 2147483647;
			files = (
				384D7EB7277E9DAA00E391D3 /* PreworkUITests.swift in Sources */,
			);
			runOnlyForDeploymentPostprocessing = 0;
		};
/* End PBXSourcesBuildPhase section */

/* Begin PBXTargetDependency section */
		384D7EA9277E9DAA00E391D3 /* PBXTargetDependency */ = {
			isa = PBXTargetDependency;
			target = 384D7E8D277E9DA600E391D3 /* Prework */;
			targetProxy = 384D7EA8277E9DAA00E391D3 /* PBXContainerItemProxy */;
		};
		384D7EB4277E9DAA00E391D3 /* PBXTargetDependency */ = {
			isa = PBXTargetDependency;
			target = 384D7E8D277E9DA600E391D3 /* Prework */;
			targetProxy = 384D7EB3277E9DAA00E391D3 /* PBXContainerItemProxy */;
		};
/* End PBXTargetDependency section */

/* Begin PBXVariantGroup section */
		384D7E97277E9DA600E391D3 /* Main.storyboard */ = {
			isa = PBXVariantGroup;
			children = (
				384D7E98277E9DA600E391D3 /* Base */,
			);
			name = Main.storyboard;
			sourceTree = "<group>";
		};
		384D7E9F277E9DA900E391D3 /* LaunchScreen.storyboard */ = {
			isa = PBXVariantGroup;
			children = (
				384D7EA0277E9DA900E391D3 /* Base */,
			);
			name = LaunchScreen.storyboard;
			sourceTree = "<group>";
		};
/* End PBXVariantGroup section */

/* Begin XCBuildConfiguration section */
		384D7EB9277E9DAA00E391D3 /* Debug */ = {
			isa = XCBuildConfiguration;
			buildSettings = {
				ALWAYS_SEARCH_USER_PATHS = NO;
				CLANG_ANALYZER_NONNULL = YES;
				CLANG_ANALYZER_NUMBER_OBJECT_CONVERSION = YES_AGGRESSIVE;
				CLANG_CXX_LANGUAGE_STANDARD = "gnu++14";
				CLANG_CXX_LIBRARY = "libc++";
				CLANG_ENABLE_MODULES = YES;
				CLANG_ENABLE_OBJC_ARC = YES;
				CLANG_ENABLE_OBJC_WEAK = YES;
				CLANG_WARN_BLOCK_CAPTURE_AUTORELEASING = YES;
				CLANG_WARN_BOOL_CONVERSION = YES;
				CLANG_WARN_COMMA = YES;
				CLANG_WARN_CONSTANT_CONVERSION = YES;
				CLANG_WARN_DEPRECATED_OBJC_IMPLEMENTATIONS = YES;
				CLANG_WARN_DIRECT_OBJC_ISA_USAGE = YES_ERROR;
				CLANG_WARN_DOCUMENTATION_COMMENTS = YES;
				CLANG_WARN_EMPTY_BODY = YES;
				CLANG_WARN_ENUM_CONVERSION = YES;
				CLANG_WARN_INFINITE_RECURSION = YES;
				CLANG_WARN_INT_CONVERSION = YES;
				CLANG_WARN_NON_LITERAL_NULL_CONVERSION = YES;
				CLANG_WARN_OBJC_IMPLICIT_RETAIN_SELF = YES;
				CLANG_WARN_OBJC_LITERAL_CONVERSION = YES;
				CLANG_WARN_OBJC_ROOT_CLASS = YES_ERROR;
				CLANG_WARN_QUOTED_INCLUDE_IN_FRAMEWORK_HEADER = YES;
				CLANG_WARN_RANGE_LOOP_ANALYSIS = YES;
				CLANG_WARN_STRICT_PROTOTYPES = YES;
				CLANG_WARN_SUSPICIOUS_MOVE = YES;
				CLANG_WARN_UNGUARDED_AVAILABILITY = YES_AGGRESSIVE;
				CLANG_WARN_UNREACHABLE_CODE = YES;
				CLANG_WARN__DUPLICATE_METHOD_MATCH = YES;
				COPY_PHASE_STRIP = NO;
				DEBUG_INFORMATION_FORMAT = dwarf;
				ENABLE_STRICT_OBJC_MSGSEND = YES;
				ENABLE_TESTABILITY = YES;
				GCC_C_LANGUAGE_STANDARD = gnu11;
				GCC_DYNAMIC_NO_PIC = NO;
				GCC_NO_COMMON_BLOCKS = YES;
				GCC_OPTIMIZATION_LEVEL = 0;
				GCC_PREPROCESSOR_DEFINITIONS = (
					"DEBUG=1",
					"$(inherited)",
				);
				GCC_WARN_64_TO_32_BIT_CONVERSION = YES;
				GCC_WARN_ABOUT_RETURN_TYPE = YES_ERROR;
				GCC_WARN_UNDECLARED_SELECTOR = YES;
				GCC_WARN_UNINITIALIZED_AUTOS = YES_AGGRESSIVE;
				GCC_WARN_UNUSED_FUNCTION = YES;
				GCC_WARN_UNUSED_VARIABLE = YES;
				IPHONEOS_DEPLOYMENT_TARGET = 14.4;
				MTL_ENABLE_DEBUG_INFO = INCLUDE_SOURCE;
				MTL_FAST_MATH = YES;
				ONLY_ACTIVE_ARCH = YES;
				SDKROOT = iphoneos;
				SWIFT_ACTIVE_COMPILATION_CONDITIONS = DEBUG;
				SWIFT_OPTIMIZATION_LEVEL = "-Onone";
			};
			name = Debug;
		};
		384D7EBA277E9DAA00E391D3 /* Release */ = {
			isa = XCBuildConfiguration;
			buildSettings = {
				ALWAYS_SEARCH_USER_PATHS = NO;
				CLANG_ANALYZER_NONNULL = YES;
				CLANG_ANALYZER_NUMBER_OBJECT_CONVERSION = YES_AGGRESSIVE;
				CLANG_CXX_LANGUAGE_STANDARD = "gnu++14";
				CLANG_CXX_LIBRARY = "libc++";
				CLANG_ENABLE_MODULES = YES;
				CLANG_ENABLE_OBJC_ARC = YES;
				CLANG_ENABLE_OBJC_WEAK = YES;
				CLANG_WARN_BLOCK_CAPTURE_AUTORELEASING = YES;
				CLANG_WARN_BOOL_CONVERSION = YES;
				CLANG_WARN_COMMA = YES;
				CLANG_WARN_CONSTANT_CONVERSION = YES;
				CLANG_WARN_DEPRECATED_OBJC_IMPLEMENTATIONS = YES;
				CLANG_WARN_DIRECT_OBJC_ISA_USAGE = YES_ERROR;
				CLANG_WARN_DOCUMENTATION_COMMENTS = YES;
				CLANG_WARN_EMPTY_BODY = YES;
				CLANG_WARN_ENUM_CONVERSION = YES;
				CLANG_WARN_INFINITE_RECURSION = YES;
				CLANG_WARN_INT_CONVERSION = YES;
				CLANG_WARN_NON_LITERAL_NULL_CONVERSION = YES;
				CLANG_WARN_OBJC_IMPLICIT_RETAIN_SELF = YES;
				CLANG_WARN_OBJC_LITERAL_CONVERSION = YES;
				CLANG_WARN_OBJC_ROOT_CLASS = YES_ERROR;
				CLANG_WARN_QUOTED_INCLUDE_IN_FRAMEWORK_HEADER = YES;
				CLANG_WARN_RANGE_LOOP_ANALYSIS = YES;
				CLANG_WARN_STRICT_PROTOTYPES = YES;
				CLANG_WARN_SUSPICIOUS_MOVE = YES;
				CLANG_WARN_UNGUARDED_AVAILABILITY = YES_AGGRESSIVE;
				CLANG_WARN_UNREACHABLE_CODE = YES;
				CLANG_WARN__DUPLICATE_METHOD_MATCH = YES;
				COPY_PHASE_STRIP = NO;
				DEBUG_INFORMATION_FORMAT = "dwarf-with-dsym";
				ENABLE_NS_ASSERTIONS = NO;
				ENABLE_STRICT_OBJC_MSGSEND = YES;
				GCC_C_LANGUAGE_STANDARD = gnu11;
				GCC_NO_COMMON_BLOCKS = YES;
				GCC_WARN_64_TO_32_BIT_CONVERSION = YES;
				GCC_WARN_ABOUT_RETURN_TYPE = YES_ERROR;
				GCC_WARN_UNDECLARED_SELECTOR = YES;
				GCC_WARN_UNINITIALIZED_AUTOS = YES_AGGRESSIVE;
				GCC_WARN_UNUSED_FUNCTION = YES;
				GCC_WARN_UNUSED_VARIABLE = YES;
				IPHONEOS_DEPLOYMENT_TARGET = 14.4;
				MTL_ENABLE_DEBUG_INFO = NO;
				MTL_FAST_MATH = YES;
				SDKROOT = iphoneos;
				SWIFT_COMPILATION_MODE = wholemodule;
				SWIFT_OPTIMIZATION_LEVEL = "-O";
				VALIDATE_PRODUCT = YES;
			};
			name = Release;
		};
		384D7EBC277E9DAA00E391D3 /* Debug */ = {
			isa = XCBuildConfiguration;
			buildSettings = {
				ASSETCATALOG_COMPILER_APPICON_NAME = AppIcon;
				ASSETCATALOG_COMPILER_GLOBAL_ACCENT_COLOR_NAME = AccentColor;
				CODE_SIGN_STYLE = Automatic;
				INFOPLIST_FILE = Prework/Info.plist;
				LD_RUNPATH_SEARCH_PATHS = (
					"$(inherited)",
					"@executable_path/Frameworks",
				);
				PRODUCT_BUNDLE_IDENTIFIER = com.avar.Prework;
				PRODUCT_NAME = "$(TARGET_NAME)";
				SWIFT_VERSION = 5.0;
				TARGETED_DEVICE_FAMILY = "1,2";
			};
			name = Debug;
		};
		384D7EBD277E9DAA00E391D3 /* Release */ = {
			isa = XCBuildConfiguration;
			buildSettings = {
				ASSETCATALOG_COMPILER_APPICON_NAME = AppIcon;
				ASSETCATALOG_COMPILER_GLOBAL_ACCENT_COLOR_NAME = AccentColor;
				CODE_SIGN_STYLE = Automatic;
				INFOPLIST_FILE = Prework/Info.plist;
				LD_RUNPATH_SEARCH_PATHS = (
					"$(inherited)",
					"@executable_path/Frameworks",
				);
				PRODUCT_BUNDLE_IDENTIFIER = com.avar.Prework;
				PRODUCT_NAME = "$(TARGET_NAME)";
				SWIFT_VERSION = 5.0;
				TARGETED_DEVICE_FAMILY = "1,2";
			};
			name = Release;
		};
		384D7EBF277E9DAA00E391D3 /* Debug */ = {
			isa = XCBuildConfiguration;
			buildSettings = {
				ALWAYS_EMBED_SWIFT_STANDARD_LIBRARIES = YES;
				BUNDLE_LOADER = "$(TEST_HOST)";
				CODE_SIGN_STYLE = Automatic;
				INFOPLIST_FILE = PreworkTests/Info.plist;
				IPHONEOS_DEPLOYMENT_TARGET = 14.4;
				LD_RUNPATH_SEARCH_PATHS = (
					"$(inherited)",
					"@executable_path/Frameworks",
					"@loader_path/Frameworks",
				);
				PRODUCT_BUNDLE_IDENTIFIER = com.avar.PreworkTests;
				PRODUCT_NAME = "$(TARGET_NAME)";
				SWIFT_VERSION = 5.0;
				TARGETED_DEVICE_FAMILY = "1,2";
				TEST_HOST = "$(BUILT_PRODUCTS_DIR)/Prework.app/Prework";
			};
			name = Debug;
		};
		384D7EC0277E9DAA00E391D3 /* Release */ = {
			isa = XCBuildConfiguration;
			buildSettings = {
				ALWAYS_EMBED_SWIFT_STANDARD_LIBRARIES = YES;
				BUNDLE_LOADER = "$(TEST_HOST)";
				CODE_SIGN_STYLE = Automatic;
				INFOPLIST_FILE = PreworkTests/Info.plist;
				IPHONEOS_DEPLOYMENT_TARGET = 14.4;
				LD_RUNPATH_SEARCH_PATHS = (
					"$(inherited)",
					"@executable_path/Frameworks",
					"@loader_path/Frameworks",
				);
				PRODUCT_BUNDLE_IDENTIFIER = com.avar.PreworkTests;
				PRODUCT_NAME = "$(TARGET_NAME)";
				SWIFT_VERSION = 5.0;
				TARGETED_DEVICE_FAMILY = "1,2";
				TEST_HOST = "$(BUILT_PRODUCTS_DIR)/Prework.app/Prework";
			};
			name = Release;
		};
		384D7EC2277E9DAA00E391D3 /* Debug */ = {
			isa = XCBuildConfiguration;
			buildSettings = {
				ALWAYS_EMBED_SWIFT_STANDARD_LIBRARIES = YES;
				CODE_SIGN_STYLE = Automatic;
				INFOPLIST_FILE = PreworkUITests/Info.plist;
				LD_RUNPATH_SEARCH_PATHS = (
					"$(inherited)",
					"@executable_path/Frameworks",
					"@loader_path/Frameworks",
				);
				PRODUCT_BUNDLE_IDENTIFIER = com.avar.PreworkUITests;
				PRODUCT_NAME = "$(TARGET_NAME)";
				SWIFT_VERSION = 5.0;
				TARGETED_DEVICE_FAMILY = "1,2";
				TEST_TARGET_NAME = Prework;
			};
			name = Debug;
		};
		384D7EC3277E9DAA00E391D3 /* Release */ = {
			isa = XCBuildConfiguration;
			buildSettings = {
				ALWAYS_EMBED_SWIFT_STANDARD_LIBRARIES = YES;
				CODE_SIGN_STYLE = Automatic;
				INFOPLIST_FILE = PreworkUITests/Info.plist;
				LD_RUNPATH_SEARCH_PATHS = (
					"$(inherited)",
					"@executable_path/Frameworks",
					"@loader_path/Frameworks",
				);
				PRODUCT_BUNDLE_IDENTIFIER = com.avar.PreworkUITests;
				PRODUCT_NAME = "$(TARGET_NAME)";
				SWIFT_VERSION = 5.0;
				TARGETED_DEVICE_FAMILY = "1,2";
				TEST_TARGET_NAME = Prework;
			};
			name = Release;
		};
/* End XCBuildConfiguration section */

/* Begin XCConfigurationList section */
		384D7E89277E9DA600E391D3 /* Build configuration list for PBXProject "Prework" */ = {
			isa = XCConfigurationList;
			buildConfigurations = (
				384D7EB9277E9DAA00E391D3 /* Debug */,
				384D7EBA277E9DAA00E391D3 /* Release */,
			);
			defaultConfigurationIsVisible = 0;
			defaultConfigurationName = Release;
		};
		384D7EBB277E9DAA00E391D3 /* Build configuration list for PBXNativeTarget "Prework" */ = {
			isa = XCConfigurationList;
			buildConfigurations = (
				384D7EBC277E9DAA00E391D3 /* Debug */,
				384D7EBD277E9DAA00E391D3 /* Release */,
			);
			defaultConfigurationIsVisible = 0;
			defaultConfigurationName = Release;
		};
		384D7EBE277E9DAA00E391D3 /* Build configuration list for PBXNativeTarget "PreworkTests" */ = {
			isa = XCConfigurationList;
			buildConfigurations = (
				384D7EBF277E9DAA00E391D3 /* Debug */,
				384D7EC0277E9DAA00E391D3 /* Release */,
			);
			defaultConfigurationIsVisible = 0;
			defaultConfigurationName = Release;
		};
		384D7EC1277E9DAA00E391D3 /* Build configuration list for PBXNativeTarget "PreworkUITests" */ = {
			isa = XCConfigurationList;
			buildConfigurations = (
				384D7EC2277E9DAA00E391D3 /* Debug */,
				384D7EC3277E9DAA00E391D3 /* Release */,
			);
			defaultConfigurationIsVisible = 0;
			defaultConfigurationName = Release;
		};
/* End XCConfigurationList section */

/* Begin XCVersionGroup section */
		384D7E9A277E9DA600E391D3 /* Prework.xcdatamodeld */ = {
			isa = XCVersionGroup;
			children = (
				384D7E9B277E9DA600E391D3 /* Prework.xcdatamodel */,
			);
			currentVersion = 384D7E9B277E9DA600E391D3 /* Prework.xcdatamodel */;
			path = Prework.xcdatamodeld;
			sourceTree = "<group>";
			versionGroupType = wrapper.xcdatamodel;
		};
/* End XCVersionGroup section */
	};
	rootObject = 384D7E86277E9DA600E391D3 /* Project object */;
}
